// !$*UTF8*$!
{
	archiveVersion = 1;
	classes = {
	};
	objectVersion = 56;
	objects = {

/* Begin PBXBuildFile section */
		780B5F1E29CDC5B800F9C94F /* OutfitsListCVCell.swift in Sources */ = {isa = PBXBuildFile; fileRef = 780B5F1D29CDC5B800F9C94F /* OutfitsListCVCell.swift */; };
		780B5F2029CDC5DB00F9C94F /* OutfitsListCVC.swift in Sources */ = {isa = PBXBuildFile; fileRef = 780B5F1F29CDC5DB00F9C94F /* OutfitsListCVC.swift */; };
		780B5F2229CDC94F00F9C94F /* OutfitsModel.swift in Sources */ = {isa = PBXBuildFile; fileRef = 780B5F2129CDC94F00F9C94F /* OutfitsModel.swift */; };
		780B5F2429CDD8F900F9C94F /* CreateOutfitsVC.swift in Sources */ = {isa = PBXBuildFile; fileRef = 780B5F2329CDD8F900F9C94F /* CreateOutfitsVC.swift */; };
		781A68AC2992FF5B005AF4E1 /* AppDelegate.swift in Sources */ = {isa = PBXBuildFile; fileRef = 781A68AB2992FF5B005AF4E1 /* AppDelegate.swift */; };
		781A68AE2992FF5B005AF4E1 /* SceneDelegate.swift in Sources */ = {isa = PBXBuildFile; fileRef = 781A68AD2992FF5B005AF4E1 /* SceneDelegate.swift */; };
		781A68B02992FF5B005AF4E1 /* LoginVC.swift in Sources */ = {isa = PBXBuildFile; fileRef = 781A68AF2992FF5B005AF4E1 /* LoginVC.swift */; };
		781A68B32992FF5B005AF4E1 /* Main.storyboard in Resources */ = {isa = PBXBuildFile; fileRef = 781A68B12992FF5B005AF4E1 /* Main.storyboard */; };
		781A68B82992FF5E005AF4E1 /* LaunchScreen.storyboard in Resources */ = {isa = PBXBuildFile; fileRef = 781A68B62992FF5E005AF4E1 /* LaunchScreen.storyboard */; };
		781A68D129931329005AF4E1 /* UserModel.swift in Sources */ = {isa = PBXBuildFile; fileRef = 781A68D029931329005AF4E1 /* UserModel.swift */; };
		78216CC529F7164800541591 /* ClothingCategoryVC.swift in Sources */ = {isa = PBXBuildFile; fileRef = 78216CC429F7164800541591 /* ClothingCategoryVC.swift */; };
		7829CF2F29DCB562009B28E8 /* CreateOutfitsModel.swift in Sources */ = {isa = PBXBuildFile; fileRef = 7829CF2E29DCB562009B28E8 /* CreateOutfitsModel.swift */; };
		7844F8B529C7EEB7008D30B9 /* ClothingCategoryCVCell.swift in Sources */ = {isa = PBXBuildFile; fileRef = 7844F8B429C7EEB7008D30B9 /* ClothingCategoryCVCell.swift */; };
		7846E98F29FDC8450085C65E /* FirebaseAnalytics in Frameworks */ = {isa = PBXBuildFile; productRef = 7846E98E29FDC8450085C65E /* FirebaseAnalytics */; };
		7846E99129FDC8450085C65E /* FirebaseAuth in Frameworks */ = {isa = PBXBuildFile; productRef = 7846E99029FDC8450085C65E /* FirebaseAuth */; };
		7846E99329FDC8450085C65E /* FirebaseCrashlytics in Frameworks */ = {isa = PBXBuildFile; productRef = 7846E99229FDC8450085C65E /* FirebaseCrashlytics */; };
		7846E99529FDC8450085C65E /* FirebaseDatabase in Frameworks */ = {isa = PBXBuildFile; productRef = 7846E99429FDC8450085C65E /* FirebaseDatabase */; };
		7846E99729FDC8450085C65E /* FirebaseStorage in Frameworks */ = {isa = PBXBuildFile; productRef = 7846E99629FDC8450085C65E /* FirebaseStorage */; };
		7846E99929FDCC370085C65E /* GoogleService-Info.plist in Resources */ = {isa = PBXBuildFile; fileRef = 7846E99829FDCC370085C65E /* GoogleService-Info.plist */; };
		784FCD1F29ACCDDC00E487F9 /* ClothingListCVC.swift in Sources */ = {isa = PBXBuildFile; fileRef = 784FCD1E29ACCDDC00E487F9 /* ClothingListCVC.swift */; };
		784FCD2329ACD7C100E487F9 /* ClothingListModel.swift in Sources */ = {isa = PBXBuildFile; fileRef = 784FCD2229ACD7C100E487F9 /* ClothingListModel.swift */; };
		7885402029BD24720064DAA5 /* ClothingCategoryCVC.swift in Sources */ = {isa = PBXBuildFile; fileRef = 7885401F29BD24720064DAA5 /* ClothingCategoryCVC.swift */; };
		78B14A8729C9D97D00E5C6FA /* ClothingListCVCell.swift in Sources */ = {isa = PBXBuildFile; fileRef = 78B14A8629C9D97D00E5C6FA /* ClothingListCVCell.swift */; };
		78B865DC29BF8C0B00C01B09 /* CategoryListModel.swift in Sources */ = {isa = PBXBuildFile; fileRef = 78B865DB29BF8C0B00C01B09 /* CategoryListModel.swift */; };
		78C742E529D2D445005AD590 /* Extension + UICVCell.swift in Sources */ = {isa = PBXBuildFile; fileRef = 78C742E429D2D445005AD590 /* Extension + UICVCell.swift */; };
		B3015CDAD07F5390D70DFE26 /* Pods_Daywear.framework in Frameworks */ = {isa = PBXBuildFile; fileRef = 6301014BAB78454A5BBC4133 /* Pods_Daywear.framework */; };
/* End PBXBuildFile section */

/* Begin PBXFileReference section */
		346AC4B2BE0947D023BE165D /* Pods-Daywear.release.xcconfig */ = {isa = PBXFileReference; includeInIndex = 1; lastKnownFileType = text.xcconfig; name = "Pods-Daywear.release.xcconfig"; path = "Target Support Files/Pods-Daywear/Pods-Daywear.release.xcconfig"; sourceTree = "<group>"; };
		6301014BAB78454A5BBC4133 /* Pods_Daywear.framework */ = {isa = PBXFileReference; explicitFileType = wrapper.framework; includeInIndex = 0; path = Pods_Daywear.framework; sourceTree = BUILT_PRODUCTS_DIR; };
		780B5F1D29CDC5B800F9C94F /* OutfitsListCVCell.swift */ = {isa = PBXFileReference; lastKnownFileType = sourcecode.swift; path = OutfitsListCVCell.swift; sourceTree = "<group>"; };
		780B5F1F29CDC5DB00F9C94F /* OutfitsListCVC.swift */ = {isa = PBXFileReference; lastKnownFileType = sourcecode.swift; path = OutfitsListCVC.swift; sourceTree = "<group>"; };
		780B5F2129CDC94F00F9C94F /* OutfitsModel.swift */ = {isa = PBXFileReference; lastKnownFileType = sourcecode.swift; path = OutfitsModel.swift; sourceTree = "<group>"; };
		780B5F2329CDD8F900F9C94F /* CreateOutfitsVC.swift */ = {isa = PBXFileReference; lastKnownFileType = sourcecode.swift; path = CreateOutfitsVC.swift; sourceTree = "<group>"; };
		781A68A82992FF5B005AF4E1 /* Daywear.app */ = {isa = PBXFileReference; explicitFileType = wrapper.application; includeInIndex = 0; path = Daywear.app; sourceTree = BUILT_PRODUCTS_DIR; };
		781A68AB2992FF5B005AF4E1 /* AppDelegate.swift */ = {isa = PBXFileReference; lastKnownFileType = sourcecode.swift; path = AppDelegate.swift; sourceTree = "<group>"; };
		781A68AD2992FF5B005AF4E1 /* SceneDelegate.swift */ = {isa = PBXFileReference; lastKnownFileType = sourcecode.swift; path = SceneDelegate.swift; sourceTree = "<group>"; };
		781A68AF2992FF5B005AF4E1 /* LoginVC.swift */ = {isa = PBXFileReference; lastKnownFileType = sourcecode.swift; path = LoginVC.swift; sourceTree = "<group>"; };
		781A68B22992FF5B005AF4E1 /* Base */ = {isa = PBXFileReference; lastKnownFileType = file.storyboard; name = Base; path = Base.lproj/Main.storyboard; sourceTree = "<group>"; };
		781A68B72992FF5E005AF4E1 /* Base */ = {isa = PBXFileReference; lastKnownFileType = file.storyboard; name = Base; path = Base.lproj/LaunchScreen.storyboard; sourceTree = "<group>"; };
		781A68B92992FF5E005AF4E1 /* Info.plist */ = {isa = PBXFileReference; lastKnownFileType = text.plist.xml; path = Info.plist; sourceTree = "<group>"; };
		781A68D029931329005AF4E1 /* UserModel.swift */ = {isa = PBXFileReference; lastKnownFileType = sourcecode.swift; path = UserModel.swift; sourceTree = "<group>"; };
		78216CC429F7164800541591 /* ClothingCategoryVC.swift */ = {isa = PBXFileReference; lastKnownFileType = sourcecode.swift; path = ClothingCategoryVC.swift; sourceTree = "<group>"; };
		7829CF2E29DCB562009B28E8 /* CreateOutfitsModel.swift */ = {isa = PBXFileReference; lastKnownFileType = sourcecode.swift; path = CreateOutfitsModel.swift; sourceTree = "<group>"; };
		7844F8B429C7EEB7008D30B9 /* ClothingCategoryCVCell.swift */ = {isa = PBXFileReference; lastKnownFileType = sourcecode.swift; path = ClothingCategoryCVCell.swift; sourceTree = "<group>"; };
		7846E99829FDCC370085C65E /* GoogleService-Info.plist */ = {isa = PBXFileReference; fileEncoding = 4; lastKnownFileType = text.plist.xml; name = "GoogleService-Info.plist"; path = "../../../../../Users/annprudnikova/Downloads/GoogleService-Info.plist"; sourceTree = "<group>"; };
		784FCD1E29ACCDDC00E487F9 /* ClothingListCVC.swift */ = {isa = PBXFileReference; lastKnownFileType = sourcecode.swift; path = ClothingListCVC.swift; sourceTree = "<group>"; };
		784FCD2229ACD7C100E487F9 /* ClothingListModel.swift */ = {isa = PBXFileReference; lastKnownFileType = sourcecode.swift; path = ClothingListModel.swift; sourceTree = "<group>"; };
		7885401F29BD24720064DAA5 /* ClothingCategoryCVC.swift */ = {isa = PBXFileReference; lastKnownFileType = sourcecode.swift; path = ClothingCategoryCVC.swift; sourceTree = "<group>"; };
		78B14A8629C9D97D00E5C6FA /* ClothingListCVCell.swift */ = {isa = PBXFileReference; lastKnownFileType = sourcecode.swift; path = ClothingListCVCell.swift; sourceTree = "<group>"; };
		78B865DB29BF8C0B00C01B09 /* CategoryListModel.swift */ = {isa = PBXFileReference; lastKnownFileType = sourcecode.swift; path = CategoryListModel.swift; sourceTree = "<group>"; };
		78C742E429D2D445005AD590 /* Extension + UICVCell.swift */ = {isa = PBXFileReference; lastKnownFileType = sourcecode.swift; path = "Extension + UICVCell.swift"; sourceTree = "<group>"; };
		FB38FCD9A9F00DA9BD598975 /* Pods-Daywear.debug.xcconfig */ = {isa = PBXFileReference; includeInIndex = 1; lastKnownFileType = text.xcconfig; name = "Pods-Daywear.debug.xcconfig"; path = "Target Support Files/Pods-Daywear/Pods-Daywear.debug.xcconfig"; sourceTree = "<group>"; };
/* End PBXFileReference section */

/* Begin PBXFrameworksBuildPhase section */
		781A68A52992FF5B005AF4E1 /* Frameworks */ = {
			isa = PBXFrameworksBuildPhase;
			buildActionMask = 2147483647;
			files = (
				7846E99529FDC8450085C65E /* FirebaseDatabase in Frameworks */,
				7846E98F29FDC8450085C65E /* FirebaseAnalytics in Frameworks */,
				7846E99329FDC8450085C65E /* FirebaseCrashlytics in Frameworks */,
				7846E99129FDC8450085C65E /* FirebaseAuth in Frameworks */,
				B3015CDAD07F5390D70DFE26 /* Pods_Daywear.framework in Frameworks */,
				7846E99729FDC8450085C65E /* FirebaseStorage in Frameworks */,
			);
			runOnlyForDeploymentPostprocessing = 0;
		};
/* End PBXFrameworksBuildPhase section */

/* Begin PBXGroup section */
		1678A3322B05B43B43E8B5DF /* Pods */ = {
			isa = PBXGroup;
			children = (
				FB38FCD9A9F00DA9BD598975 /* Pods-Daywear.debug.xcconfig */,
				346AC4B2BE0947D023BE165D /* Pods-Daywear.release.xcconfig */,
			);
			path = Pods;
			sourceTree = "<group>";
		};
		47285B6D5217E788DB071B24 /* Frameworks */ = {
			isa = PBXGroup;
			children = (
				6301014BAB78454A5BBC4133 /* Pods_Daywear.framework */,
			);
			name = Frameworks;
			sourceTree = "<group>";
		};
		781A689F2992FF5B005AF4E1 = {
			isa = PBXGroup;
			children = (
				781A68AA2992FF5B005AF4E1 /* Daywear */,
				781A68A92992FF5B005AF4E1 /* Products */,
				1678A3322B05B43B43E8B5DF /* Pods */,
				47285B6D5217E788DB071B24 /* Frameworks */,
			);
			sourceTree = "<group>";
		};
		781A68A92992FF5B005AF4E1 /* Products */ = {
			isa = PBXGroup;
			children = (
				781A68A82992FF5B005AF4E1 /* Daywear.app */,
			);
			name = Products;
			sourceTree = "<group>";
		};
		781A68AA2992FF5B005AF4E1 /* Daywear */ = {
			isa = PBXGroup;
			children = (
				781A68CE29930BE8005AF4E1 /* Models */,
				7885401E29BD24060064DAA5 /* Controllers */,
				781A68CD29930B09005AF4E1 /* Login screen */,
				78C742E329D2D2C2005AD590 /* Extensions */,
				781A68B12992FF5B005AF4E1 /* Main.storyboard */,
				781A68B62992FF5E005AF4E1 /* LaunchScreen.storyboard */,
				781A68B92992FF5E005AF4E1 /* Info.plist */,
				7846E99829FDCC370085C65E /* GoogleService-Info.plist */,
				781A68CC29930ADE005AF4E1 /* AppDelegates */,
			);
			path = Daywear;
			sourceTree = "<group>";
		};
		781A68CC29930ADE005AF4E1 /* AppDelegates */ = {
			isa = PBXGroup;
			children = (
				781A68AB2992FF5B005AF4E1 /* AppDelegate.swift */,
				781A68AD2992FF5B005AF4E1 /* SceneDelegate.swift */,
			);
			path = AppDelegates;
			sourceTree = "<group>";
		};
		781A68CD29930B09005AF4E1 /* Login screen */ = {
			isa = PBXGroup;
			children = (
				781A68CF29930C11005AF4E1 /* Models */,
				781A68AF2992FF5B005AF4E1 /* LoginVC.swift */,
			);
			path = "Login screen";
			sourceTree = "<group>";
		};
		781A68CE29930BE8005AF4E1 /* Models */ = {
			isa = PBXGroup;
			children = (
				781A68D029931329005AF4E1 /* UserModel.swift */,
				784FCD2229ACD7C100E487F9 /* ClothingListModel.swift */,
				78B865DB29BF8C0B00C01B09 /* CategoryListModel.swift */,
				780B5F2129CDC94F00F9C94F /* OutfitsModel.swift */,
				7829CF2E29DCB562009B28E8 /* CreateOutfitsModel.swift */,
			);
			path = Models;
			sourceTree = "<group>";
		};
		781A68CF29930C11005AF4E1 /* Models */ = {
			isa = PBXGroup;
			children = (
			);
			path = Models;
			sourceTree = "<group>";
		};
		7885401E29BD24060064DAA5 /* Controllers */ = {
			isa = PBXGroup;
			children = (
				784FCD1E29ACCDDC00E487F9 /* ClothingListCVC.swift */,
				7885401F29BD24720064DAA5 /* ClothingCategoryCVC.swift */,
				7844F8B429C7EEB7008D30B9 /* ClothingCategoryCVCell.swift */,
				78B14A8629C9D97D00E5C6FA /* ClothingListCVCell.swift */,
				780B5F1D29CDC5B800F9C94F /* OutfitsListCVCell.swift */,
				780B5F1F29CDC5DB00F9C94F /* OutfitsListCVC.swift */,
				780B5F2329CDD8F900F9C94F /* CreateOutfitsVC.swift */,
				78216CC429F7164800541591 /* ClothingCategoryVC.swift */,
			);
			path = Controllers;
			sourceTree = "<group>";
		};
		78C742E329D2D2C2005AD590 /* Extensions */ = {
			isa = PBXGroup;
			children = (
				78C742E429D2D445005AD590 /* Extension + UICVCell.swift */,
			);
			path = Extensions;
			sourceTree = "<group>";
		};
/* End PBXGroup section */

/* Begin PBXNativeTarget section */
		781A68A72992FF5B005AF4E1 /* Daywear */ = {
			isa = PBXNativeTarget;
			buildConfigurationList = 781A68BC2992FF5E005AF4E1 /* Build configuration list for PBXNativeTarget "Daywear" */;
			buildPhases = (
				2A81C3AC04E7B077413E1035 /* [CP] Check Pods Manifest.lock */,
				781A68A42992FF5B005AF4E1 /* Sources */,
				781A68A52992FF5B005AF4E1 /* Frameworks */,
				781A68A62992FF5B005AF4E1 /* Resources */,
				A5B6878D4D5F59CC3EC7CA89 /* [CP] Embed Pods Frameworks */,
			);
			buildRules = (
			);
			dependencies = (
			);
			name = Daywear;
			packageProductDependencies = (
				7846E98E29FDC8450085C65E /* FirebaseAnalytics */,
				7846E99029FDC8450085C65E /* FirebaseAuth */,
				7846E99229FDC8450085C65E /* FirebaseCrashlytics */,
				7846E99429FDC8450085C65E /* FirebaseDatabase */,
				7846E99629FDC8450085C65E /* FirebaseStorage */,
			);
			productName = Daywear;
			productReference = 781A68A82992FF5B005AF4E1 /* Daywear.app */;
			productType = "com.apple.product-type.application";
		};
/* End PBXNativeTarget section */

/* Begin PBXProject section */
		781A68A02992FF5B005AF4E1 /* Project object */ = {
			isa = PBXProject;
			attributes = {
				BuildIndependentTargetsInParallel = 1;
				LastSwiftUpdateCheck = 1420;
				LastUpgradeCheck = 1420;
				TargetAttributes = {
					781A68A72992FF5B005AF4E1 = {
						CreatedOnToolsVersion = 14.2;
					};
				};
			};
			buildConfigurationList = 781A68A32992FF5B005AF4E1 /* Build configuration list for PBXProject "Daywear" */;
			compatibilityVersion = "Xcode 14.0";
			developmentRegion = en;
			hasScannedForEncodings = 0;
			knownRegions = (
				en,
				Base,
			);
			mainGroup = 781A689F2992FF5B005AF4E1;
			packageReferences = (
				7846E98D29FDC8450085C65E /* XCRemoteSwiftPackageReference "firebase-ios-sdk" */,
			);
			productRefGroup = 781A68A92992FF5B005AF4E1 /* Products */;
			projectDirPath = "";
			projectRoot = "";
			targets = (
				781A68A72992FF5B005AF4E1 /* Daywear */,
			);
		};
/* End PBXProject section */

/* Begin PBXResourcesBuildPhase section */
		781A68A62992FF5B005AF4E1 /* Resources */ = {
			isa = PBXResourcesBuildPhase;
			buildActionMask = 2147483647;
			files = (
				781A68B82992FF5E005AF4E1 /* LaunchScreen.storyboard in Resources */,
				781A68B32992FF5B005AF4E1 /* Main.storyboard in Resources */,
				7846E99929FDCC370085C65E /* GoogleService-Info.plist in Resources */,
			);
			runOnlyForDeploymentPostprocessing = 0;
		};
/* End PBXResourcesBuildPhase section */

/* Begin PBXShellScriptBuildPhase section */
		2A81C3AC04E7B077413E1035 /* [CP] Check Pods Manifest.lock */ = {
			isa = PBXShellScriptBuildPhase;
			buildActionMask = 2147483647;
			files = (
			);
			inputFileListPaths = (
			);
			inputPaths = (
				"${PODS_PODFILE_DIR_PATH}/Podfile.lock",
				"${PODS_ROOT}/Manifest.lock",
			);
			name = "[CP] Check Pods Manifest.lock";
			outputFileListPaths = (
			);
			outputPaths = (
				"$(DERIVED_FILE_DIR)/Pods-Daywear-checkManifestLockResult.txt",
			);
			runOnlyForDeploymentPostprocessing = 0;
			shellPath = /bin/sh;
			shellScript = "diff \"${PODS_PODFILE_DIR_PATH}/Podfile.lock\" \"${PODS_ROOT}/Manifest.lock\" > /dev/null\nif [ $? != 0 ] ; then\n    # print error to STDERR\n    echo \"error: The sandbox is not in sync with the Podfile.lock. Run 'pod install' or update your CocoaPods installation.\" >&2\n    exit 1\nfi\n# This output is used by Xcode 'outputs' to avoid re-running this script phase.\necho \"SUCCESS\" > \"${SCRIPT_OUTPUT_FILE_0}\"\n";
			showEnvVarsInLog = 0;
		};
		A5B6878D4D5F59CC3EC7CA89 /* [CP] Embed Pods Frameworks */ = {
			isa = PBXShellScriptBuildPhase;
			buildActionMask = 2147483647;
			files = (
			);
			inputFileListPaths = (
				"${PODS_ROOT}/Target Support Files/Pods-Daywear/Pods-Daywear-frameworks-${CONFIGURATION}-input-files.xcfilelist",
			);
			name = "[CP] Embed Pods Frameworks";
			outputFileListPaths = (
				"${PODS_ROOT}/Target Support Files/Pods-Daywear/Pods-Daywear-frameworks-${CONFIGURATION}-output-files.xcfilelist",
			);
			runOnlyForDeploymentPostprocessing = 0;
			shellPath = /bin/sh;
			shellScript = "\"${PODS_ROOT}/Target Support Files/Pods-Daywear/Pods-Daywear-frameworks.sh\"\n";
			showEnvVarsInLog = 0;
		};
/* End PBXShellScriptBuildPhase section */

/* Begin PBXSourcesBuildPhase section */
		781A68A42992FF5B005AF4E1 /* Sources */ = {
			isa = PBXSourcesBuildPhase;
			buildActionMask = 2147483647;
			files = (
				784FCD1F29ACCDDC00E487F9 /* ClothingListCVC.swift in Sources */,
				781A68B02992FF5B005AF4E1 /* LoginVC.swift in Sources */,
				784FCD2329ACD7C100E487F9 /* ClothingListModel.swift in Sources */,
				780B5F2229CDC94F00F9C94F /* OutfitsModel.swift in Sources */,
				781A68AC2992FF5B005AF4E1 /* AppDelegate.swift in Sources */,
				78C742E529D2D445005AD590 /* Extension + UICVCell.swift in Sources */,
				7829CF2F29DCB562009B28E8 /* CreateOutfitsModel.swift in Sources */,
				78B14A8729C9D97D00E5C6FA /* ClothingListCVCell.swift in Sources */,
				780B5F2029CDC5DB00F9C94F /* OutfitsListCVC.swift in Sources */,
				781A68D129931329005AF4E1 /* UserModel.swift in Sources */,
				78B865DC29BF8C0B00C01B09 /* CategoryListModel.swift in Sources */,
				7885402029BD24720064DAA5 /* ClothingCategoryCVC.swift in Sources */,
				7844F8B529C7EEB7008D30B9 /* ClothingCategoryCVCell.swift in Sources */,
				781A68AE2992FF5B005AF4E1 /* SceneDelegate.swift in Sources */,
				78216CC529F7164800541591 /* ClothingCategoryVC.swift in Sources */,
				780B5F1E29CDC5B800F9C94F /* OutfitsListCVCell.swift in Sources */,
				780B5F2429CDD8F900F9C94F /* CreateOutfitsVC.swift in Sources */,
			);
			runOnlyForDeploymentPostprocessing = 0;
		};
/* End PBXSourcesBuildPhase section */

/* Begin PBXVariantGroup section */
		781A68B12992FF5B005AF4E1 /* Main.storyboard */ = {
			isa = PBXVariantGroup;
			children = (
				781A68B22992FF5B005AF4E1 /* Base */,
			);
			name = Main.storyboard;
			sourceTree = "<group>";
		};
		781A68B62992FF5E005AF4E1 /* LaunchScreen.storyboard */ = {
			isa = PBXVariantGroup;
			children = (
				781A68B72992FF5E005AF4E1 /* Base */,
			);
			name = LaunchScreen.storyboard;
			sourceTree = "<group>";
		};
/* End PBXVariantGroup section */

/* Begin XCBuildConfiguration section */
		781A68BA2992FF5E005AF4E1 /* Debug */ = {
			isa = XCBuildConfiguration;
			buildSettings = {
				ALWAYS_SEARCH_USER_PATHS = NO;
				CLANG_ANALYZER_NONNULL = YES;
				CLANG_ANALYZER_NUMBER_OBJECT_CONVERSION = YES_AGGRESSIVE;
				CLANG_CXX_LANGUAGE_STANDARD = "gnu++20";
				CLANG_ENABLE_MODULES = YES;
				CLANG_ENABLE_OBJC_ARC = YES;
				CLANG_ENABLE_OBJC_WEAK = YES;
				CLANG_WARN_BLOCK_CAPTURE_AUTORELEASING = YES;
				CLANG_WARN_BOOL_CONVERSION = YES;
				CLANG_WARN_COMMA = YES;
				CLANG_WARN_CONSTANT_CONVERSION = YES;
				CLANG_WARN_DEPRECATED_OBJC_IMPLEMENTATIONS = YES;
				CLANG_WARN_DIRECT_OBJC_ISA_USAGE = YES_ERROR;
				CLANG_WARN_DOCUMENTATION_COMMENTS = YES;
				CLANG_WARN_EMPTY_BODY = YES;
				CLANG_WARN_ENUM_CONVERSION = YES;
				CLANG_WARN_INFINITE_RECURSION = YES;
				CLANG_WARN_INT_CONVERSION = YES;
				CLANG_WARN_NON_LITERAL_NULL_CONVERSION = YES;
				CLANG_WARN_OBJC_IMPLICIT_RETAIN_SELF = YES;
				CLANG_WARN_OBJC_LITERAL_CONVERSION = YES;
				CLANG_WARN_OBJC_ROOT_CLASS = YES_ERROR;
				CLANG_WARN_QUOTED_INCLUDE_IN_FRAMEWORK_HEADER = YES;
				CLANG_WARN_RANGE_LOOP_ANALYSIS = YES;
				CLANG_WARN_STRICT_PROTOTYPES = YES;
				CLANG_WARN_SUSPICIOUS_MOVE = YES;
				CLANG_WARN_UNGUARDED_AVAILABILITY = YES_AGGRESSIVE;
				CLANG_WARN_UNREACHABLE_CODE = YES;
				CLANG_WARN__DUPLICATE_METHOD_MATCH = YES;
				COPY_PHASE_STRIP = NO;
				DEBUG_INFORMATION_FORMAT = dwarf;
				ENABLE_STRICT_OBJC_MSGSEND = YES;
				ENABLE_TESTABILITY = YES;
				GCC_C_LANGUAGE_STANDARD = gnu11;
				GCC_DYNAMIC_NO_PIC = NO;
				GCC_NO_COMMON_BLOCKS = YES;
				GCC_OPTIMIZATION_LEVEL = 0;
				GCC_PREPROCESSOR_DEFINITIONS = (
					"DEBUG=1",
					"$(inherited)",
				);
				GCC_WARN_64_TO_32_BIT_CONVERSION = YES;
				GCC_WARN_ABOUT_RETURN_TYPE = YES_ERROR;
				GCC_WARN_UNDECLARED_SELECTOR = YES;
				GCC_WARN_UNINITIALIZED_AUTOS = YES_AGGRESSIVE;
				GCC_WARN_UNUSED_FUNCTION = YES;
				GCC_WARN_UNUSED_VARIABLE = YES;
				IPHONEOS_DEPLOYMENT_TARGET = 16.2;
				MTL_ENABLE_DEBUG_INFO = INCLUDE_SOURCE;
				MTL_FAST_MATH = YES;
				ONLY_ACTIVE_ARCH = YES;
				SDKROOT = iphoneos;
				SWIFT_ACTIVE_COMPILATION_CONDITIONS = DEBUG;
				SWIFT_OPTIMIZATION_LEVEL = "-Onone";
			};
			name = Debug;
		};
		781A68BB2992FF5E005AF4E1 /* Release */ = {
			isa = XCBuildConfiguration;
			buildSettings = {
				ALWAYS_SEARCH_USER_PATHS = NO;
				CLANG_ANALYZER_NONNULL = YES;
				CLANG_ANALYZER_NUMBER_OBJECT_CONVERSION = YES_AGGRESSIVE;
				CLANG_CXX_LANGUAGE_STANDARD = "gnu++20";
				CLANG_ENABLE_MODULES = YES;
				CLANG_ENABLE_OBJC_ARC = YES;
				CLANG_ENABLE_OBJC_WEAK = YES;
				CLANG_WARN_BLOCK_CAPTURE_AUTORELEASING = YES;
				CLANG_WARN_BOOL_CONVERSION = YES;
				CLANG_WARN_COMMA = YES;
				CLANG_WARN_CONSTANT_CONVERSION = YES;
				CLANG_WARN_DEPRECATED_OBJC_IMPLEMENTATIONS = YES;
				CLANG_WARN_DIRECT_OBJC_ISA_USAGE = YES_ERROR;
				CLANG_WARN_DOCUMENTATION_COMMENTS = YES;
				CLANG_WARN_EMPTY_BODY = YES;
				CLANG_WARN_ENUM_CONVERSION = YES;
				CLANG_WARN_INFINITE_RECURSION = YES;
				CLANG_WARN_INT_CONVERSION = YES;
				CLANG_WARN_NON_LITERAL_NULL_CONVERSION = YES;
				CLANG_WARN_OBJC_IMPLICIT_RETAIN_SELF = YES;
				CLANG_WARN_OBJC_LITERAL_CONVERSION = YES;
				CLANG_WARN_OBJC_ROOT_CLASS = YES_ERROR;
				CLANG_WARN_QUOTED_INCLUDE_IN_FRAMEWORK_HEADER = YES;
				CLANG_WARN_RANGE_LOOP_ANALYSIS = YES;
				CLANG_WARN_STRICT_PROTOTYPES = YES;
				CLANG_WARN_SUSPICIOUS_MOVE = YES;
				CLANG_WARN_UNGUARDED_AVAILABILITY = YES_AGGRESSIVE;
				CLANG_WARN_UNREACHABLE_CODE = YES;
				CLANG_WARN__DUPLICATE_METHOD_MATCH = YES;
				COPY_PHASE_STRIP = NO;
				DEBUG_INFORMATION_FORMAT = "dwarf-with-dsym";
				ENABLE_NS_ASSERTIONS = NO;
				ENABLE_STRICT_OBJC_MSGSEND = YES;
				GCC_C_LANGUAGE_STANDARD = gnu11;
				GCC_NO_COMMON_BLOCKS = YES;
				GCC_WARN_64_TO_32_BIT_CONVERSION = YES;
				GCC_WARN_ABOUT_RETURN_TYPE = YES_ERROR;
				GCC_WARN_UNDECLARED_SELECTOR = YES;
				GCC_WARN_UNINITIALIZED_AUTOS = YES_AGGRESSIVE;
				GCC_WARN_UNUSED_FUNCTION = YES;
				GCC_WARN_UNUSED_VARIABLE = YES;
				IPHONEOS_DEPLOYMENT_TARGET = 16.2;
				MTL_ENABLE_DEBUG_INFO = NO;
				MTL_FAST_MATH = YES;
				SDKROOT = iphoneos;
				SWIFT_COMPILATION_MODE = wholemodule;
				SWIFT_OPTIMIZATION_LEVEL = "-O";
				VALIDATE_PRODUCT = YES;
			};
			name = Release;
		};
		781A68BD2992FF5E005AF4E1 /* Debug */ = {
			isa = XCBuildConfiguration;
			baseConfigurationReference = FB38FCD9A9F00DA9BD598975 /* Pods-Daywear.debug.xcconfig */;
			buildSettings = {
				ASSETCATALOG_COMPILER_APPICON_NAME = AppIcon;
				ASSETCATALOG_COMPILER_GLOBAL_ACCENT_COLOR_NAME = AccentColor;
				CODE_SIGN_STYLE = Automatic;
				CURRENT_PROJECT_VERSION = 1;
				DEVELOPMENT_TEAM = 87S7UCFSSU;
				GENERATE_INFOPLIST_FILE = YES;
				INFOPLIST_FILE = Daywear/Info.plist;
				INFOPLIST_KEY_UIApplicationSupportsIndirectInputEvents = YES;
				INFOPLIST_KEY_UILaunchStoryboardName = LaunchScreen;
				INFOPLIST_KEY_UIMainStoryboardFile = Main;
				INFOPLIST_KEY_UISupportedInterfaceOrientations_iPad = "UIInterfaceOrientationPortrait UIInterfaceOrientationPortraitUpsideDown UIInterfaceOrientationLandscapeLeft UIInterfaceOrientationLandscapeRight";
				INFOPLIST_KEY_UISupportedInterfaceOrientations_iPhone = "UIInterfaceOrientationPortrait UIInterfaceOrientationLandscapeLeft UIInterfaceOrientationLandscapeRight";
				LD_RUNPATH_SEARCH_PATHS = (
					"$(inherited)",
					"@executable_path/Frameworks",
				);
				MARKETING_VERSION = 1.0;
				PRODUCT_BUNDLE_IDENTIFIER = TMS37.Daywear;
				PRODUCT_NAME = "$(TARGET_NAME)";
				SUPPORTED_PLATFORMS = "iphoneos iphonesimulator";
				SUPPORTS_MACCATALYST = NO;
				SUPPORTS_MAC_DESIGNED_FOR_IPHONE_IPAD = NO;
				SWIFT_EMIT_LOC_STRINGS = YES;
				SWIFT_VERSION = 5.0;
				TARGETED_DEVICE_FAMILY = 1;
			};
			name = Debug;
		};
		781A68BE2992FF5E005AF4E1 /* Release */ = {
			isa = XCBuildConfiguration;
			baseConfigurationReference = 346AC4B2BE0947D023BE165D /* Pods-Daywear.release.xcconfig */;
			buildSettings = {
				ASSETCATALOG_COMPILER_APPICON_NAME = AppIcon;
				ASSETCATALOG_COMPILER_GLOBAL_ACCENT_COLOR_NAME = AccentColor;
				CODE_SIGN_STYLE = Automatic;
				CURRENT_PROJECT_VERSION = 1;
				DEVELOPMENT_TEAM = 87S7UCFSSU;
				GENERATE_INFOPLIST_FILE = YES;
				INFOPLIST_FILE = Daywear/Info.plist;
				INFOPLIST_KEY_UIApplicationSupportsIndirectInputEvents = YES;
				INFOPLIST_KEY_UILaunchStoryboardName = LaunchScreen;
				INFOPLIST_KEY_UIMainStoryboardFile = Main;
				INFOPLIST_KEY_UISupportedInterfaceOrientations_iPad = "UIInterfaceOrientationPortrait UIInterfaceOrientationPortraitUpsideDown UIInterfaceOrientationLandscapeLeft UIInterfaceOrientationLandscapeRight";
				INFOPLIST_KEY_UISupportedInterfaceOrientations_iPhone = "UIInterfaceOrientationPortrait UIInterfaceOrientationLandscapeLeft UIInterfaceOrientationLandscapeRight";
				LD_RUNPATH_SEARCH_PATHS = (
					"$(inherited)",
					"@executable_path/Frameworks",
				);
				MARKETING_VERSION = 1.0;
				PRODUCT_BUNDLE_IDENTIFIER = TMS37.Daywear;
				PRODUCT_NAME = "$(TARGET_NAME)";
				SUPPORTED_PLATFORMS = "iphoneos iphonesimulator";
				SUPPORTS_MACCATALYST = NO;
				SUPPORTS_MAC_DESIGNED_FOR_IPHONE_IPAD = NO;
				SWIFT_EMIT_LOC_STRINGS = YES;
				SWIFT_VERSION = 5.0;
				TARGETED_DEVICE_FAMILY = 1;
			};
			name = Release;
		};
/* End XCBuildConfiguration section */

/* Begin XCConfigurationList section */
		781A68A32992FF5B005AF4E1 /* Build configuration list for PBXProject "Daywear" */ = {
			isa = XCConfigurationList;
			buildConfigurations = (
				781A68BA2992FF5E005AF4E1 /* Debug */,
				781A68BB2992FF5E005AF4E1 /* Release */,
			);
			defaultConfigurationIsVisible = 0;
			defaultConfigurationName = Release;
		};
		781A68BC2992FF5E005AF4E1 /* Build configuration list for PBXNativeTarget "Daywear" */ = {
			isa = XCConfigurationList;
			buildConfigurations = (
				781A68BD2992FF5E005AF4E1 /* Debug */,
				781A68BE2992FF5E005AF4E1 /* Release */,
			);
			defaultConfigurationIsVisible = 0;
			defaultConfigurationName = Release;
		};
/* End XCConfigurationList section */

/* Begin XCRemoteSwiftPackageReference section */
		7846E98D29FDC8450085C65E /* XCRemoteSwiftPackageReference "firebase-ios-sdk" */ = {
			isa = XCRemoteSwiftPackageReference;
			repositoryURL = "https://github.com/firebase/firebase-ios-sdk";
			requirement = {
				kind = upToNextMajorVersion;
				minimumVersion = 10.9.0;
			};
		};
/* End XCRemoteSwiftPackageReference section */

/* Begin XCSwiftPackageProductDependency section */
		7846E98E29FDC8450085C65E /* FirebaseAnalytics */ = {
			isa = XCSwiftPackageProductDependency;
			package = 7846E98D29FDC8450085C65E /* XCRemoteSwiftPackageReference "firebase-ios-sdk" */;
			productName = FirebaseAnalytics;
		};
		7846E99029FDC8450085C65E /* FirebaseAuth */ = {
			isa = XCSwiftPackageProductDependency;
			package = 7846E98D29FDC8450085C65E /* XCRemoteSwiftPackageReference "firebase-ios-sdk" */;
			productName = FirebaseAuth;
		};
		7846E99229FDC8450085C65E /* FirebaseCrashlytics */ = {
			isa = XCSwiftPackageProductDependency;
			package = 7846E98D29FDC8450085C65E /* XCRemoteSwiftPackageReference "firebase-ios-sdk" */;
			productName = FirebaseCrashlytics;
		};
		7846E99429FDC8450085C65E /* FirebaseDatabase */ = {
			isa = XCSwiftPackageProductDependency;
			package = 7846E98D29FDC8450085C65E /* XCRemoteSwiftPackageReference "firebase-ios-sdk" */;
			productName = FirebaseDatabase;
		};
		7846E99629FDC8450085C65E /* FirebaseStorage */ = {
			isa = XCSwiftPackageProductDependency;
			package = 7846E98D29FDC8450085C65E /* XCRemoteSwiftPackageReference "firebase-ios-sdk" */;
			productName = FirebaseStorage;
		};
/* End XCSwiftPackageProductDependency section */
	};
	rootObject = 781A68A02992FF5B005AF4E1 /* Project object */;
}
